PODS:
  - RxCocoa (3.0.1):
    - RxSwift (~> 3.0)
  - RxSugar (0.1.1):
    - RxSwift (~> 3.0)
  - RxSwift (3.0.1)
  - RxSwiftExt (2.0.0):
    - RxSwift (~> 3.0.0)
  - TBAppScaffold (0.1.0):
    - RxCocoa
    - RxSugar
    - RxSwift
    - RxSwiftExt

DEPENDENCIES:
  - TBAppScaffold (from `../`)

EXTERNAL SOURCES:
  TBAppScaffold:
    :path: ../

SPEC CHECKSUMS:
  RxCocoa: 15a52fc590dcc700cb4a690a633b5c5184ce3a78
  RxSugar: 353380861f482623e0734c85baca4a76d437a285
  RxSwift: af5680055c4ad04480189c52d28385b1029493a6
  RxSwiftExt: 5dd3c7e0fd64ddb5014e094d524d167f7496b2e5
  TBAppScaffold: 530be401d69cea76ed73aad3f01f8cc756b4199d

PODFILE CHECKSUM: e7b23a017a755eb8e926d285f67786b29001c437

COCOAPODS: 1.0.1
