PODS:
  - RxCocoa (2.6.0):
    - RxSwift (~> 2.5)
  - RxSugar (0.0.10):
    - RxSwift (~> 2.3)
  - RxSwift (2.6.0)
  - RxSwiftExt (1.0.1):
    - RxSwift (~> 2.1)
  - TBAppScaffold (0.1.0):
    - RxCocoa
    - RxSugar
    - RxSwift
    - RxSwiftExt

DEPENDENCIES:
  - TBAppScaffold (from `../`)

EXTERNAL SOURCES:
  TBAppScaffold:
    :path: ../

SPEC CHECKSUMS:
  RxCocoa: 89ab00d5753502520227940e3a0e0a0413683c6b
  RxSugar: 92324a788e2f6fa9843083bcd22353af7c6503cc
  RxSwift: 77f3a0b15324baa7a1c9bfa9f199648a82424e26
  RxSwiftExt: 308a5f411533c7660da8317cb1b44161f9181ba4
  TBAppScaffold: 530be401d69cea76ed73aad3f01f8cc756b4199d

PODFILE CHECKSUM: e7b23a017a755eb8e926d285f67786b29001c437

COCOAPODS: 1.0.0
